
Microsoft Visual Studio Solution File, Format Version 12.00
# Visual Studio Version 16
VisualStudioVersion = 16.0.31205.134
MinimumVisualStudioVersion = 10.0.40219.1
Project("{FAE04EC0-301F-11D3-BF4B-00C04F79EFBC}") = "MorePsycasts", "MorePsycasts\MorePsycasts.csproj", "{C784B034-077E-4D89-85F3-D3E268D2F74F}"
EndProject
Global
	GlobalSection(SolutionConfigurationPlatforms) = preSolution
		Debug|Any CPU = Debug|Any CPU
		Release|Any CPU = Release|Any CPU
	EndGlobalSection
	GlobalSection(ProjectConfigurationPlatforms) = postSolution
		{C784B034-077E-4D89-85F3-D3E268D2F74F}.Debug|Any CPU.ActiveCfg = Debug|Any CPU
		{C784B034-077E-4D89-85F3-D3E268D2F74F}.Debug|Any CPU.Build.0 = Debug|Any CPU
		{C784B034-077E-4D89-85F3-D3E268D2F74F}.Release|Any CPU.ActiveCfg = Release|Any CPU
		{C784B034-077E-4D89-85F3-D3E268D2F74F}.Release|Any CPU.Build.0 = Release|Any CPU
	EndGlobalSection
	GlobalSection(SolutionProperties) = preSolution
		HideSolutionNode = FALSE
	EndGlobalSection
	GlobalSection(ExtensibilityGlobals) = postSolution
		SolutionGuid = {D132742C-78BC-44A8-BC17-6E7C1A5F3E84}
	EndGlobalSection
EndGlobal
